
Microsoft Visual Studio Solution File, Format Version 12.00
# Visual Studio Version 16
VisualStudioVersion = 16.0.31624.102
MinimumVisualStudioVersion = 10.0.40219.1
Project("{9A19103F-16F7-4668-BE54-9A1E7A4F7556}") = "MyAlgorithms", "MyAlgorithms.csproj", "{31402B0D-01D2-4A29-B218-A772398886AC}"
EndProject
Project("{FAE04EC0-301F-11D3-BF4B-00C04F79EFBC}") = "MyAlgorithmsTests", "..\MyAlgorithmsTests\MyAlgorithmsTests.csproj", "{E9F92E40-7962-4B2E-AA46-5E5CC30CBA18}"
EndProject
Global
	GlobalSection(SolutionConfigurationPlatforms) = preSolution
		Debug|Any CPU = Debug|Any CPU
		Release|Any CPU = Release|Any CPU
	EndGlobalSection
	GlobalSection(ProjectConfigurationPlatforms) = postSolution
		{31402B0D-01D2-4A29-B218-A772398886AC}.Debug|Any CPU.ActiveCfg = Debug|Any CPU
		{31402B0D-01D2-4A29-B218-A772398886AC}.Debug|Any CPU.Build.0 = Debug|Any CPU
		{31402B0D-01D2-4A29-B218-A772398886AC}.Release|Any CPU.ActiveCfg = Release|Any CPU
		{31402B0D-01D2-4A29-B218-A772398886AC}.Release|Any CPU.Build.0 = Release|Any CPU
		{E9F92E40-7962-4B2E-AA46-5E5CC30CBA18}.Debug|Any CPU.ActiveCfg = Debug|Any CPU
		{E9F92E40-7962-4B2E-AA46-5E5CC30CBA18}.Debug|Any CPU.Build.0 = Debug|Any CPU
		{E9F92E40-7962-4B2E-AA46-5E5CC30CBA18}.Release|Any CPU.ActiveCfg = Release|Any CPU
		{E9F92E40-7962-4B2E-AA46-5E5CC30CBA18}.Release|Any CPU.Build.0 = Release|Any CPU
	EndGlobalSection
	GlobalSection(SolutionProperties) = preSolution
		HideSolutionNode = FALSE
	EndGlobalSection
	GlobalSection(ExtensibilityGlobals) = postSolution
		SolutionGuid = {354749B1-D1C7-4422-8815-3E487554723E}
	EndGlobalSection
EndGlobal
